{
	"archiveVersion": "1",
	"classes": {},
	"objectVersion": "54",
	"objects": {
		"03515F95-BE7C-4E60-8483-3254C2D9F0DB": {
			"explicitFileType": "sourcecode.c.h",
			"fileEncoding": "4",
			"isa": "PBXFileReference",
			"name": "ofxGuiGroup.h",
			"path": "../../../addons/ofxGui/src/ofxGuiGroup.h",
			"sourceTree": "SOURCE_ROOT"
		},
		"0432B30E-EEB5-44E6-BA5B-3041F1E3226B": {
			"explicitFileType": "sourcecode.c.h",
			"fileEncoding": "4",
			"isa": "PBXFileReference",
			"name": "BlobIOSystem.h",
			"path": "../../../addons/ofxAssimpModelLoader/libs/assimp/include/assimp/BlobIOSystem.h",
			"sourceTree": "SOURCE_ROOT"
		},
		"04F11EE4-F027-4855-BDDE-A1EFE0B68DC4": {
			"explicitFileType": "sourcecode.cpp.cpp",
			"fileEncoding": "4",
			"isa": "PBXFileReference",
			"name": "ofxAssimpAnimation.cpp",
			"path": "../../../addons/ofxAssimpModelLoader/src/ofxAssimpAnimation.cpp",
			"sourceTree": "SOURCE_ROOT"
		},
		"04F28F25-1D18-4CC8-9ECC-F4B2C876D698": {
			"fileRef": "3B9AB43F-D9DD-4AF3-9418-848D69A51328",
			"isa": "PBXBuildFile"
		},
		"07F63C0E-D951-48A7-908E-14CE482FA224": {
			"explicitFileType": "sourcecode.c.h",
			"fileEncoding": "4",
			"isa": "PBXFileReference",
			"name": "StreamWriter.h",
			"path": "../../../addons/ofxAssimpModelLoader/libs/assimp/include/assimp/StreamWriter.h",
			"sourceTree": "SOURCE_ROOT"
		},
		"081A3136-512F-4602-9B18-F2FD018A4A23": {
			"explicitFileType": "sourcecode.cpp.cpp",
			"fileEncoding": "4",
			"isa": "PBXFileReference",
			"name": "ofxAssimpModelLoader.cpp",
			"path": "../../../addons/ofxAssimpModelLoader/src/ofxAssimpModelLoader.cpp",
			"sourceTree": "SOURCE_ROOT"
		},
		"0AAA4FC9-9468-486D-949D-F73F52FB19F8": {
			"explicitFileType": "sourcecode.c.h",
			"fileEncoding": "4",
			"isa": "PBXFileReference",
			"name": "XMLTools.h",
			"path": "../../../addons/ofxAssimpModelLoader/libs/assimp/include/assimp/XMLTools.h",
			"sourceTree": "SOURCE_ROOT"
		},
		"0C8F6A2E-C60E-4E69-A478-F0A956756239": {
			"explicitFileType": "sourcecode.c.h",
			"fileEncoding": "4",
			"isa": "PBXFileReference",
			"name": "config.h",
			"path": "../../../addons/ofxAssimpModelLoader/libs/assimp/include/assimp/config.h",
			"sourceTree": "SOURCE_ROOT"
		},
		"0CF1BDFE-7B7B-4D66-8EDC-1D1F27946CFF": {
			"explicitFileType": "sourcecode.c.h",
			"fileEncoding": "4",
			"isa": "PBXFileReference",
			"name": "SkeletonMeshBuilder.h",
			"path": "../../../addons/ofxAssimpModelLoader/libs/assimp/include/assimp/SkeletonMeshBuilder.h",
			"sourceTree": "SOURCE_ROOT"
		},
		"0DFDAB00-1FCF-4D73-9B08-2693C529AB80": {
			"children": [
				"D603AFC8-297E-4545-891D-975D7A2FD524",
				"20B76FE1-2C26-4FFA-8F18-7E09E934A8D5"
			],
			"isa": "PBXGroup",
			"name": "AndroidJNI",
			"path": "../../../addons/ofxAssimpModelLoader/libs/assimp/include/assimp/port/AndroidJNI",
			"sourceTree": "SOURCE_ROOT"
		},
		"10FDCF97-6EC7-4246-928B-E58C0E6B724C": {
			"explicitFileType": "sourcecode.c.h",
			"fileEncoding": "4",
			"isa": "PBXFileReference",
			"name": "Importer.hpp",
			"path": "../../../addons/ofxAssimpModelLoader/libs/assimp/include/assimp/Importer.hpp",
			"sourceTree": "SOURCE_ROOT"
		},
		"11192B78-E741-42CA-BD7F-D738A64E90FD": {
			"explicitFileType": "sourcecode.c.h",
			"fileEncoding": "4",
			"isa": "PBXFileReference",
			"name": "ray.h",
			"path": "src/ray.h",
			"sourceTree": "SOURCE_ROOT"
		},
		"136C069C-B069-42D6-9877-2C61D0B09D83": {
			"explicitFileType": "sourcecode.c.h",
			"fileEncoding": "4",
			"isa": "PBXFileReference",
			"name": "Primitives.h",
			"path": "src/Primitives.h",
			"sourceTree": "SOURCE_ROOT"
		},
		"18E2CEE8-5511-4A14-902E-712D25476FD3": {
			"explicitFileType": "sourcecode.c.h",
			"fileEncoding": "4",
			"isa": "PBXFileReference",
			"name": "SpatialSort.h",
			"path": "../../../addons/ofxAssimpModelLoader/libs/assimp/include/assimp/SpatialSort.h",
			"sourceTree": "SOURCE_ROOT"
		},
		"191CD6FA2847E21E0085CBB6": {
			"fileEncoding": "4",
			"isa": "PBXFileReference",
			"lastKnownFileType": "text.plist.entitlements",
			"path": "of.entitlements",
			"sourceTree": "<group>"
		},
		"191EF70929D778A400F35F26": {
			"isa": "PBXFileReference",
			"lastKnownFileType": "folder",
			"name": "openFrameworks",
			"path": "../../../libs/openFrameworks",
			"sourceTree": "SOURCE_ROOT"
		},
		"19B789C429E5AB4A0082E9B8": {
			"buildActionMask": "2147483647",
			"files": [],
			"inputFileListPaths": [],
			"inputPaths": [],
			"isa": "PBXShellScriptBuildPhase",
			"outputFileListPaths": [],
			"outputPaths": [],
			"runOnlyForDeploymentPostprocessing": "0",
			"shellPath": "/bin/sh",
			"shellScript": "\"$OF_PATH/scripts/osx/xcode_project.sh\"\n",
			"showEnvVarsInLog": "0"
		},
		"1A2B6576-A142-414B-9114-22A335E450E1": {
			"fileRef": "FFD939BF-2F5F-4B7B-BD69-F027A6570825",
			"isa": "PBXBuildFile"
		},
		"1AA0B12B-3F03-4410-91F6-6E26BFDF895D": {
			"children": [
				"65152BB9-F571-4ADC-9ADB-23DC365651D2"
			],
			"isa": "PBXGroup",
			"name": "libs",
			"path": "../../../addons/ofxAssimpModelLoader/libs",
			"sourceTree": "SOURCE_ROOT"
		},
		"1B1681E7-0C1D-445E-BBBE-A42B01468418": {
			"explicitFileType": "sourcecode.c.h",
			"fileEncoding": "4",
			"isa": "PBXFileReference",
			"name": "SmoothingGroups.h",
			"path": "../../../addons/ofxAssimpModelLoader/libs/assimp/include/assimp/SmoothingGroups.h",
			"sourceTree": "SOURCE_ROOT"
		},
		"1BA968EA-D609-4A39-8E34-CA52D07F84AE": {
			"fileRef": "4B5FCE51-BAD0-40CE-83F2-491D5697AEF6",
			"isa": "PBXBuildFile"
		},
		"1D1B6CF8-868D-413C-A145-14BDE425C2A6": {
			"explicitFileType": "sourcecode.c.h",
			"fileEncoding": "4",
			"isa": "PBXFileReference",
			"name": "vector3.h",
			"path": "src/vector3.h",
			"sourceTree": "SOURCE_ROOT"
		},
		"1DFCF203-B74F-44EF-B14E-6FC2B6285DD9": {
			"explicitFileType": "sourcecode.c.h",
			"fileEncoding": "4",
			"isa": "PBXFileReference",
			"name": "box.h",
			"path": "src/box.h",
			"sourceTree": "SOURCE_ROOT"
		},
		"1E7C477D-6717-4707-9864-D43DF243607E": {
			"explicitFileType": "sourcecode.c.h",
			"fileEncoding": "4",
			"isa": "PBXFileReference",
			"name": "types.h",
			"path": "../../../addons/ofxAssimpModelLoader/libs/assimp/include/assimp/types.h",
			"sourceTree": "SOURCE_ROOT"
		},
		"20AD094E-C4DA-495D-BC75-F0DB11ED501C": {
			"explicitFileType": "sourcecode.c.h",
			"fileEncoding": "4",
			"isa": "PBXFileReference",
			"name": "ofxSliderGroup.h",
			"path": "../../../addons/ofxGui/src/ofxSliderGroup.h",
			"sourceTree": "SOURCE_ROOT"
		},
		"20B76FE1-2C26-4FFA-8F18-7E09E934A8D5": {
			"explicitFileType": "sourcecode.c.h",
			"fileEncoding": "4",
			"isa": "PBXFileReference",
			"name": "BundledAssetIOSystem.h",
			"path": "../../../addons/ofxAssimpModelLoader/libs/assimp/include/assimp/port/AndroidJNI/BundledAssetIOSystem.h",
			"sourceTree": "SOURCE_ROOT"
		},
		"21F7494C-D702-4B0B-9E9F-292134C8C187": {
			"explicitFileType": "sourcecode.c.h",
			"fileEncoding": "4",
			"isa": "PBXFileReference",
			"name": "LineSplitter.h",
			"path": "../../../addons/ofxAssimpModelLoader/libs/assimp/include/assimp/LineSplitter.h",
			"sourceTree": "SOURCE_ROOT"
		},
		"24F92E27-1A81-468C-B605-9C0E7D22E561": {
			"explicitFileType": "sourcecode.c.h",
			"fileEncoding": "4",
			"isa": "PBXFileReference",
			"name": "cimport.h",
			"path": "../../../addons/ofxAssimpModelLoader/libs/assimp/include/assimp/cimport.h",
			"sourceTree": "SOURCE_ROOT"
		},
		"25A92084-F606-4BF6-A553-B047EBF60DE7": {
			"children": [
				"67EFC9E4-9254-4F93-BA11-49FB007302FB"
			],
			"isa": "PBXGroup",
			"name": "ofxGui",
			"path": "../../../addons/ofxGui",
			"sourceTree": "SOURCE_ROOT"
		},
		"26015F78-BEB5-4DCC-8D45-550E3A5BE89F": {
			"explicitFileType": "sourcecode.c.h",
			"fileEncoding": "4",
			"isa": "PBXFileReference",
			"name": "ofxAssimpModelLoader.h",
			"path": "../../../addons/ofxAssimpModelLoader/src/ofxAssimpModelLoader.h",
			"sourceTree": "SOURCE_ROOT"
		},
		"28879D8C-2559-49E2-803E-AF0103730C4B": {
			"explicitFileType": "sourcecode.c.h",
			"fileEncoding": "4",
			"isa": "PBXFileReference",
			"name": "version.h",
			"path": "../../../addons/ofxAssimpModelLoader/libs/assimp/include/assimp/version.h",
			"sourceTree": "SOURCE_ROOT"
		},
		"30A83231-144F-4EFC-A391-19BA2D4082B0": {
			"explicitFileType": "sourcecode.c.h",
			"fileEncoding": "4",
			"isa": "PBXFileReference",
			"name": "Vertex.h",
			"path": "../../../addons/ofxAssimpModelLoader/libs/assimp/include/assimp/Vertex.h",
			"sourceTree": "SOURCE_ROOT"
		},
		"32001BD1-9C76-4353-BAEA-4C5AFCC9B6BC": {
			"explicitFileType": "sourcecode.cpp.cpp",
			"fileEncoding": "4",
			"isa": "PBXFileReference",
			"name": "ofxSliderGroup.cpp",
			"path": "../../../addons/ofxGui/src/ofxSliderGroup.cpp",
			"sourceTree": "SOURCE_ROOT"
		},
		"32873869-EE99-474E-BA6A-80F0FC7B8BC5": {
			"explicitFileType": "sourcecode.cpp.cpp",
			"fileEncoding": "4",
			"isa": "PBXFileReference",
			"name": "ofxPanel.cpp",
			"path": "../../../addons/ofxGui/src/ofxPanel.cpp",
			"sourceTree": "SOURCE_ROOT"
		},
		"32D4E00E-C98C-4494-BF0F-64B49F730191": {
			"explicitFileType": "sourcecode.c.h",
			"fileEncoding": "4",
			"isa": "PBXFileReference",
			"name": "pstdint.h",
			"path": "../../../addons/ofxAssimpModelLoader/libs/assimp/include/assimp/Compiler/pstdint.h",
			"sourceTree": "SOURCE_ROOT"
		},
		"3300A4F2-1042-4D8E-BE56-10D173A37E30": {
			"explicitFileType": "sourcecode.c.h",
			"fileEncoding": "4",
			"isa": "PBXFileReference",
			"name": "MathFunctions.h",
			"path": "../../../addons/ofxAssimpModelLoader/libs/assimp/include/assimp/MathFunctions.h",
			"sourceTree": "SOURCE_ROOT"
		},
		"3423EB25-C4DB-450C-A1F2-0B1068126B13": {
			"fileRef": "95E48F10-B50E-48EA-BDE7-9AED33D6292A",
			"isa": "PBXBuildFile"
		},
		"3B788139-FA69-4E85-9BD3-D52AA473AE75": {
			"explicitFileType": "sourcecode.c.h",
			"fileEncoding": "4",
			"isa": "PBXFileReference",
			"name": "ofxToggle.h",
			"path": "../../../addons/ofxGui/src/ofxToggle.h",
			"sourceTree": "SOURCE_ROOT"
		},
		"3B9AB43F-D9DD-4AF3-9418-848D69A51328": {
			"explicitFileType": "sourcecode.cpp.cpp",
			"fileEncoding": "4",
			"isa": "PBXFileReference",
			"name": "ofxLabel.cpp",
			"path": "../../../addons/ofxGui/src/ofxLabel.cpp",
			"sourceTree": "SOURCE_ROOT"
		},
		"3C84F367-E6C4-4F4C-B92C-98F784CA44BB": {
			"explicitFileType": "sourcecode.c.h",
			"fileEncoding": "4",
			"isa": "PBXFileReference",
			"name": "DefaultIOStream.h",
			"path": "../../../addons/ofxAssimpModelLoader/libs/assimp/include/assimp/DefaultIOStream.h",
			"sourceTree": "SOURCE_ROOT"
		},
		"4275BD98-3020-40AF-AA08-DF874D21D1E5": {
			"explicitFileType": "sourcecode.c.h",
			"fileEncoding": "4",
			"isa": "PBXFileReference",
			"name": "MemoryIOWrapper.h",
			"path": "../../../addons/ofxAssimpModelLoader/libs/assimp/include/assimp/MemoryIOWrapper.h",
			"sourceTree": "SOURCE_ROOT"
		},
		"4379CAF6-E197-4AAF-A15A-74EE9282A15E": {
			"explicitFileType": "sourcecode.c.h",
			"fileEncoding": "4",
			"isa": "PBXFileReference",
			"name": "TinyFormatter.h",
			"path": "../../../addons/ofxAssimpModelLoader/libs/assimp/include/assimp/TinyFormatter.h",
			"sourceTree": "SOURCE_ROOT"
		},
		"444C6F2C-4FBE-4CCA-A586-D901B60FE282": {
			"explicitFileType": "sourcecode.c.h",
			"fileEncoding": "4",
			"isa": "PBXFileReference",
			"name": "camera.h",
			"path": "../../../addons/ofxAssimpModelLoader/libs/assimp/include/assimp/camera.h",
			"sourceTree": "SOURCE_ROOT"
		},
		"4B5FCE51-BAD0-40CE-83F2-491D5697AEF6": {
			"explicitFileType": "sourcecode.cpp.cpp",
			"fileEncoding": "4",
			"isa": "PBXFileReference",
			"name": "ofxSlider.cpp",
			"path": "../../../addons/ofxGui/src/ofxSlider.cpp",
			"sourceTree": "SOURCE_ROOT"
		},
		"4DE78EA7-69CA-4637-8E75-298DBA71E82F": {
			"explicitFileType": "sourcecode.c.h",
			"fileEncoding": "4",
			"isa": "PBXFileReference",
			"name": "RemoveComments.h",
			"path": "../../../addons/ofxAssimpModelLoader/libs/assimp/include/assimp/RemoveComments.h",
			"sourceTree": "SOURCE_ROOT"
		},
		"515A9510-1EEB-44C4-B081-AE93DC21C3A0": {
			"explicitFileType": "sourcecode.cpp.cpp",
			"fileEncoding": "4",
			"isa": "PBXFileReference",
			"name": "ofxColorPicker.cpp",
			"path": "../../../addons/ofxGui/src/ofxColorPicker.cpp",
			"sourceTree": "SOURCE_ROOT"
		},
		"520DE8DD-2D78-4B2F-9C45-2E1A1C0B55C6": {
			"explicitFileType": "sourcecode.c.h",
			"fileEncoding": "4",
			"isa": "PBXFileReference",
			"name": "texture.h",
			"path": "../../../addons/ofxAssimpModelLoader/libs/assimp/include/assimp/texture.h",
			"sourceTree": "SOURCE_ROOT"
		},
		"53C92FD8-75FB-4F9B-80DE-0E65C970699C": {
			"explicitFileType": "sourcecode.c.h",
			"fileEncoding": "4",
			"isa": "PBXFileReference",
			"name": "ByteSwapper.h",
			"path": "../../../addons/ofxAssimpModelLoader/libs/assimp/include/assimp/ByteSwapper.h",
			"sourceTree": "SOURCE_ROOT"
		},
		"53D7AC19-8C52-46BE-9BA1-A1C7A80057CE": {
			"explicitFileType": "sourcecode.cpp.cpp",
			"fileEncoding": "4",
			"isa": "PBXFileReference",
			"name": "Octree.cpp",
			"path": "src/Octree.cpp",
			"sourceTree": "SOURCE_ROOT"
		},
		"54AEA156-4719-4C32-819A-746D153C0804": {
			"explicitFileType": "sourcecode.c.h",
			"fileEncoding": "4",
			"isa": "PBXFileReference",
			"name": "Octree.h",
			"path": "src/Octree.h",
			"sourceTree": "SOURCE_ROOT"
		},
		"55D995D6-E755-4EED-9CC2-BDCD0896653D": {
			"explicitFileType": "sourcecode.c.h",
			"fileEncoding": "4",
			"isa": "PBXFileReference",
			"name": "XmlParser.h",
			"path": "../../../addons/ofxAssimpModelLoader/libs/assimp/include/assimp/XmlParser.h",
			"sourceTree": "SOURCE_ROOT"
		},
		"56539E06-5A89-4E50-A385-23907C584524": {
			"explicitFileType": "sourcecode.c.h",
			"fileEncoding": "4",
			"isa": "PBXFileReference",
			"name": "StringUtils.h",
			"path": "../../../addons/ofxAssimpModelLoader/libs/assimp/include/assimp/StringUtils.h",
			"sourceTree": "SOURCE_ROOT"
		},
		"600213BC-005E-4CD7-9D29-076DDABBCE67": {
			"explicitFileType": "sourcecode.c.h",
			"fileEncoding": "4",
			"isa": "PBXFileReference",
			"name": "mesh.h",
			"path": "../../../addons/ofxAssimpModelLoader/libs/assimp/include/assimp/mesh.h",
			"sourceTree": "SOURCE_ROOT"
		},
		"6210A67E-83E6-4207-B1DE-93FC7F62811C": {
			"explicitFileType": "sourcecode.c.h",
			"fileEncoding": "4",
			"isa": "PBXFileReference",
			"name": "ofxColorPicker.h",
			"path": "../../../addons/ofxGui/src/ofxColorPicker.h",
			"sourceTree": "SOURCE_ROOT"
		},
		"62394402-02EE-42F9-95AA-8E6E34CA81AD": {
			"children": [
				"F54A3BD4-3CCF-41F4-9F49-D8C71942B273"
			],
			"isa": "PBXGroup",
			"name": "include",
			"path": "../../../addons/ofxAssimpModelLoader/libs/assimp/include",
			"sourceTree": "SOURCE_ROOT"
		},
		"631AF231-9FD4-47E1-8FC3-5A16CACC718C": {
			"explicitFileType": "sourcecode.c.h",
			"fileEncoding": "4",
			"isa": "PBXFileReference",
			"name": "IOStreamBuffer.h",
			"path": "../../../addons/ofxAssimpModelLoader/libs/assimp/include/assimp/IOStreamBuffer.h",
			"sourceTree": "SOURCE_ROOT"
		},
		"65152BB9-F571-4ADC-9ADB-23DC365651D2": {
			"children": [
				"62394402-02EE-42F9-95AA-8E6E34CA81AD"
			],
			"isa": "PBXGroup",
			"name": "assimp",
			"path": "../../../addons/ofxAssimpModelLoader/libs/assimp",
			"sourceTree": "SOURCE_ROOT"
		},
		"65B57F50-7097-4183-B250-C1255E2272C2": {
			"explicitFileType": "sourcecode.c.h",
			"fileEncoding": "4",
			"isa": "PBXFileReference",
			"name": "pbrmaterial.h",
			"path": "../../../addons/ofxAssimpModelLoader/libs/assimp/include/assimp/pbrmaterial.h",
			"sourceTree": "SOURCE_ROOT"
		},
		"66368933-282C-44FA-BF7E-18A0771D8EB0": {
			"explicitFileType": "sourcecode.c.h",
			"fileEncoding": "4",
			"isa": "PBXFileReference",
			"name": "ofxSlider.h",
			"path": "../../../addons/ofxGui/src/ofxSlider.h",
			"sourceTree": "SOURCE_ROOT"
		},
		"66C51E71-3F80-4A14-BA96-8092AB5ABBCA": {
			"fileRef": "F6215C9D-A5F5-45AF-A724-EE7F113DE8AF",
			"isa": "PBXBuildFile"
		},
		"66DF8EB1-7453-49C6-9FF6-EB1A8FE19417": {
			"explicitFileType": "sourcecode.c.h",
			"fileEncoding": "4",
			"isa": "PBXFileReference",
			"name": "ProgressHandler.hpp",
			"path": "../../../addons/ofxAssimpModelLoader/libs/assimp/include/assimp/ProgressHandler.hpp",
			"sourceTree": "SOURCE_ROOT"
		},
		"6754ECE1-9D1F-4488-ADAE-6327AA4CAB07": {
			"explicitFileType": "sourcecode.c.h",
			"fileEncoding": "4",
			"isa": "PBXFileReference",
			"name": "DefaultLogger.hpp",
			"path": "../../../addons/ofxAssimpModelLoader/libs/assimp/include/assimp/DefaultLogger.hpp",
			"sourceTree": "SOURCE_ROOT"
		},
		"67EFC9E4-9254-4F93-BA11-49FB007302FB": {
			"children": [
				"95E48F10-B50E-48EA-BDE7-9AED33D6292A",
				"E5F69494-6876-4531-B166-BC0C32261765",
				"FFD939BF-2F5F-4B7B-BD69-F027A6570825",
				"75401E3C-5EA3-4AD9-B2C8-8ADE2EEBA48B",
				"515A9510-1EEB-44C4-B081-AE93DC21C3A0",
				"6210A67E-83E6-4207-B1DE-93FC7F62811C",
				"E6D36265-AB3B-4A5A-8A81-B1B5E19040C2",
				"FA2A94B6-9A98-49A7-82F6-E8CBBCE25B75",
				"03515F95-BE7C-4E60-8483-3254C2D9F0DB",
				"DB575860-B290-4D2A-9E47-58B44E9A923A",
				"F6215C9D-A5F5-45AF-A724-EE7F113DE8AF",
				"CC3E4B04-B96E-4A45-9EC5-39E6E2096DE0",
				"3B9AB43F-D9DD-4AF3-9418-848D69A51328",
				"6B04CC3B-7706-4D5B-8FE7-0436173C22BD",
				"32873869-EE99-474E-BA6A-80F0FC7B8BC5",
				"F18435D8-DB12-4648-9630-529E37B1DDE5",
				"4B5FCE51-BAD0-40CE-83F2-491D5697AEF6",
				"66368933-282C-44FA-BF7E-18A0771D8EB0",
				"32001BD1-9C76-4353-BAEA-4C5AFCC9B6BC",
				"20AD094E-C4DA-495D-BC75-F0DB11ED501C",
				"9A4AE4DE-C4A9-429F-A294-3CDD84663B71",
				"3B788139-FA69-4E85-9BD3-D52AA473AE75"
			],
			"isa": "PBXGroup",
			"name": "src",
			"path": "../../../addons/ofxGui/src",
			"sourceTree": "SOURCE_ROOT"
		},
		"697F2015-5CB8-4E8D-B25B-6B72C60B4A77": {
			"children": [
				"70673221-3416-416B-9CF1-DE536514AAE9",
				"32D4E00E-C98C-4494-BF0F-64B49F730191",
				"8690C01C-7294-49EF-818C-F252B4A36326"
			],
			"isa": "PBXGroup",
			"name": "Compiler",
			"path": "../../../addons/ofxAssimpModelLoader/libs/assimp/include/assimp/Compiler",
			"sourceTree": "SOURCE_ROOT"
		},
		"6B04CC3B-7706-4D5B-8FE7-0436173C22BD": {
			"explicitFileType": "sourcecode.c.h",
			"fileEncoding": "4",
			"isa": "PBXFileReference",
			"name": "ofxLabel.h",
			"path": "../../../addons/ofxGui/src/ofxLabel.h",
			"sourceTree": "SOURCE_ROOT"
		},
		"6C4923C9-683B-42F0-B70C-AA7F400E2AA3": {
			"explicitFileType": "sourcecode.c.h",
			"fileEncoding": "4",
			"isa": "PBXFileReference",
			"name": "LogAux.h",
			"path": "../../../addons/ofxAssimpModelLoader/libs/assimp/include/assimp/LogAux.h",
			"sourceTree": "SOURCE_ROOT"
		},
		"6E3BFD31-1249-44CD-B9AD-1F225B4A8ED8": {
			"children": [
				"0DFDAB00-1FCF-4D73-9B08-2693C529AB80"
			],
			"isa": "PBXGroup",
			"name": "port",
			"path": "../../../addons/ofxAssimpModelLoader/libs/assimp/include/assimp/port",
			"sourceTree": "SOURCE_ROOT"
		},
		"6E455530-8527-4AFD-9ED7-8A0F22FF1EA5": {
			"explicitFileType": "sourcecode.c.h",
			"fileEncoding": "4",
			"isa": "PBXFileReference",
			"name": "ofxAssimpUtils.h",
			"path": "../../../addons/ofxAssimpModelLoader/src/ofxAssimpUtils.h",
			"sourceTree": "SOURCE_ROOT"
		},
		"6EEB5CCA-E1D4-42CB-BEC1-0FF9286E8E4E": {
			"explicitFileType": "sourcecode.c.h",
			"fileEncoding": "4",
			"isa": "PBXFileReference",
			"name": "importerdesc.h",
			"path": "../../../addons/ofxAssimpModelLoader/libs/assimp/include/assimp/importerdesc.h",
			"sourceTree": "SOURCE_ROOT"
		},
		"70673221-3416-416B-9CF1-DE536514AAE9": {
			"explicitFileType": "sourcecode.c.h",
			"fileEncoding": "4",
			"isa": "PBXFileReference",
			"name": "poppack1.h",
			"path": "../../../addons/ofxAssimpModelLoader/libs/assimp/include/assimp/Compiler/poppack1.h",
			"sourceTree": "SOURCE_ROOT"
		},
		"70A128E7-27D1-406D-86A6-3B3280A297B0": {
			"children": [
				"1AA0B12B-3F03-4410-91F6-6E26BFDF895D",
				"D85CF20A-8397-47CC-ADA4-0F87EA8297ED"
			],
			"isa": "PBXGroup",
			"name": "ofxAssimpModelLoader",
			"path": "../../../addons/ofxAssimpModelLoader",
			"sourceTree": "SOURCE_ROOT"
		},
		"70A9F608-79D9-4BEF-ADBA-E3947044F38B": {
			"explicitFileType": "sourcecode.c.h",
			"fileEncoding": "4",
			"isa": "PBXFileReference",
			"name": "LogStream.hpp",
			"path": "../../../addons/ofxAssimpModelLoader/libs/assimp/include/assimp/LogStream.hpp",
			"sourceTree": "SOURCE_ROOT"
		},
		"74403972-36D9-4304-8096-8D1098E6FEF0": {
			"explicitFileType": "sourcecode.c.h",
			"fileEncoding": "4",
			"isa": "PBXFileReference",
			"name": "Bitmap.h",
			"path": "../../../addons/ofxAssimpModelLoader/libs/assimp/include/assimp/Bitmap.h",
			"sourceTree": "SOURCE_ROOT"
		},
		"75164710-E586-495D-A1A7-F3409F08E66B": {
			"fileRef": "E27DFAAF-A902-464A-8FF6-E983C4DCA84A",
			"isa": "PBXBuildFile"
		},
		"75401E3C-5EA3-4AD9-B2C8-8ADE2EEBA48B": {
			"explicitFileType": "sourcecode.c.h",
			"fileEncoding": "4",
			"isa": "PBXFileReference",
			"name": "ofxButton.h",
			"path": "../../../addons/ofxGui/src/ofxButton.h",
			"sourceTree": "SOURCE_ROOT"
		},
		"76B2985C-351F-4ABA-B50C-A9A92779716C": {
			"explicitFileType": "sourcecode.c.h",
			"fileEncoding": "4",
			"isa": "PBXFileReference",
			"name": "Subdivision.h",
			"path": "../../../addons/ofxAssimpModelLoader/libs/assimp/include/assimp/Subdivision.h",
			"sourceTree": "SOURCE_ROOT"
		},
		"76EDF101-1961-4D26-B402-F06E4F15D07E": {
			"explicitFileType": "sourcecode.c.h",
			"fileEncoding": "4",
			"isa": "PBXFileReference",
			"name": "ParsingUtils.h",
			"path": "../../../addons/ofxAssimpModelLoader/libs/assimp/include/assimp/ParsingUtils.h",
			"sourceTree": "SOURCE_ROOT"
		},
		"7731D9CE-F659-40E3-9583-964AE5EC6986": {
			"explicitFileType": "sourcecode.c.h",
			"fileEncoding": "4",
			"isa": "PBXFileReference",
			"name": "DefaultIOSystem.h",
			"path": "../../../addons/ofxAssimpModelLoader/libs/assimp/include/assimp/DefaultIOSystem.h",
			"sourceTree": "SOURCE_ROOT"
		},
		"786B5FF7-DCCC-4393-BAF1-48EE907B7592": {
			"explicitFileType": "sourcecode.c.h",
			"fileEncoding": "4",
			"isa": "PBXFileReference",
			"name": "ofxAssimpMeshHelper.h",
			"path": "../../../addons/ofxAssimpModelLoader/src/ofxAssimpMeshHelper.h",
			"sourceTree": "SOURCE_ROOT"
		},
		"7DF538C3-4C89-414B-9A50-A1408C21DB40": {
			"explicitFileType": "sourcecode.c.h",
			"fileEncoding": "4",
			"isa": "PBXFileReference",
			"name": "metadata.h",
			"path": "../../../addons/ofxAssimpModelLoader/libs/assimp/include/assimp/metadata.h",
			"sourceTree": "SOURCE_ROOT"
		},
		"80659BD4-C03C-44DA-9F59-3034AA1D4706": {
			"explicitFileType": "sourcecode.c.h",
			"fileEncoding": "4",
			"isa": "PBXFileReference",
			"name": "CreateAnimMesh.h",
			"path": "../../../addons/ofxAssimpModelLoader/libs/assimp/include/assimp/CreateAnimMesh.h",
			"sourceTree": "SOURCE_ROOT"
		},
		"81A16133-072F-48CF-87BB-FB39C18997C8": {
			"explicitFileType": "sourcecode.c.h",
			"fileEncoding": "4",
			"isa": "PBXFileReference",
			"name": "defs.h",
			"path": "../../../addons/ofxAssimpModelLoader/libs/assimp/include/assimp/defs.h",
			"sourceTree": "SOURCE_ROOT"
		},
		"83ADD69C-94F4-4AAA-8007-E5C3571B2CA1": {
			"explicitFileType": "sourcecode.c.h",
			"fileEncoding": "4",
			"isa": "PBXFileReference",
			"name": "GenericProperty.h",
			"path": "../../../addons/ofxAssimpModelLoader/libs/assimp/include/assimp/GenericProperty.h",
			"sourceTree": "SOURCE_ROOT"
		},
		"8690C01C-7294-49EF-818C-F252B4A36326": {
			"explicitFileType": "sourcecode.c.h",
			"fileEncoding": "4",
			"isa": "PBXFileReference",
			"name": "pushpack1.h",
			"path": "../../../addons/ofxAssimpModelLoader/libs/assimp/include/assimp/Compiler/pushpack1.h",
			"sourceTree": "SOURCE_ROOT"
		},
		"8B6CBE66-0ED3-40AA-81E0-D72B93BCA207": {
			"explicitFileType": "sourcecode.cpp.cpp",
			"fileEncoding": "4",
			"isa": "PBXFileReference",
			"name": "Util.cpp",
			"path": "src/Util.cpp",
			"sourceTree": "SOURCE_ROOT"
		},
		"8B8DCE0B-78D4-4BB4-B11F-0FE23C7F9856": {
			"explicitFileType": "sourcecode.c.h",
			"fileEncoding": "4",
			"isa": "PBXFileReference",
			"name": "matrix3x3.h",
			"path": "../../../addons/ofxAssimpModelLoader/libs/assimp/include/assimp/matrix3x3.h",
			"sourceTree": "SOURCE_ROOT"
		},
		"8B8DD354-285D-4CE3-99E5-3E76E7DE15EE": {
			"fileRef": "32873869-EE99-474E-BA6A-80F0FC7B8BC5",
			"isa": "PBXBuildFile"
		},
		"8F47D472-1000-44B9-A6A5-5CF765DEAF78": {
			"fileRef": "9A77125A-55F5-42B0-A15E-08C86F676390",
			"isa": "PBXBuildFile"
		},
		"8FB94AD4-4033-40B8-B3D4-671AE867514C": {
			"explicitFileType": "sourcecode.c.h",
			"fileEncoding": "4",
			"isa": "PBXFileReference",
			"name": "ColladaMetaData.h",
			"path": "../../../addons/ofxAssimpModelLoader/libs/assimp/include/assimp/ColladaMetaData.h",
			"sourceTree": "SOURCE_ROOT"
		},
		"95E48F10-B50E-48EA-BDE7-9AED33D6292A": {
			"explicitFileType": "sourcecode.cpp.cpp",
			"fileEncoding": "4",
			"isa": "PBXFileReference",
			"name": "ofxBaseGui.cpp",
			"path": "../../../addons/ofxGui/src/ofxBaseGui.cpp",
			"sourceTree": "SOURCE_ROOT"
		},
		"9A4AE4DE-C4A9-429F-A294-3CDD84663B71": {
			"explicitFileType": "sourcecode.cpp.cpp",
			"fileEncoding": "4",
			"isa": "PBXFileReference",
			"name": "ofxToggle.cpp",
			"path": "../../../addons/ofxGui/src/ofxToggle.cpp",
			"sourceTree": "SOURCE_ROOT"
		},
		"9A77125A-55F5-42B0-A15E-08C86F676390": {
			"explicitFileType": "sourcecode.cpp.cpp",
			"fileEncoding": "4",
			"isa": "PBXFileReference",
			"name": "ofxAssimpMeshHelper.cpp",
			"path": "../../../addons/ofxAssimpModelLoader/src/ofxAssimpMeshHelper.cpp",
			"sourceTree": "SOURCE_ROOT"
		},
		"9D29D5FF-31D5-46BF-A28E-62768E432042": {
			"explicitFileType": "sourcecode.c.h",
			"fileEncoding": "4",
			"isa": "PBXFileReference",
			"name": "StandardShapes.h",
			"path": "../../../addons/ofxAssimpModelLoader/libs/assimp/include/assimp/StandardShapes.h",
			"sourceTree": "SOURCE_ROOT"
		},
		"A1729F00-E23A-4424-9880-4F210FC9D1DC": {
			"explicitFileType": "sourcecode.c.h",
			"fileEncoding": "4",
			"isa": "PBXFileReference",
			"name": "scene.h",
			"path": "../../../addons/ofxAssimpModelLoader/libs/assimp/include/assimp/scene.h",
			"sourceTree": "SOURCE_ROOT"
		},
		"A874F062-F93D-4EBA-8DD8-B06CA7A07E32": {
			"explicitFileType": "sourcecode.c.h",
			"fileEncoding": "4",
			"isa": "PBXFileReference",
			"name": "Logger.hpp",
			"path": "../../../addons/ofxAssimpModelLoader/libs/assimp/include/assimp/Logger.hpp",
			"sourceTree": "SOURCE_ROOT"
		},
		"A8FBA0DB-0D4E-4D4C-B735-BD310E0D677C": {
			"explicitFileType": "sourcecode.c.h",
			"fileEncoding": "4",
			"isa": "PBXFileReference",
			"name": "ZipArchiveIOSystem.h",
			"path": "../../../addons/ofxAssimpModelLoader/libs/assimp/include/assimp/ZipArchiveIOSystem.h",
			"sourceTree": "SOURCE_ROOT"
		},
		"A9A24C00-BAA6-4CAC-897F-F4D063ED6115": {
			"fileRef": "8B6CBE66-0ED3-40AA-81E0-D72B93BCA207",
			"isa": "PBXBuildFile"
		},
		"A9D2E022-798B-4CD8-8A19-443531B55CBD": {
			"explicitFileType": "sourcecode.c.h",
			"fileEncoding": "4",
			"isa": "PBXFileReference",
			"name": "Exceptional.h",
			"path": "../../../addons/ofxAssimpModelLoader/libs/assimp/include/assimp/Exceptional.h",
			"sourceTree": "SOURCE_ROOT"
		},
		"AB2995B7-B88D-46DE-959C-730143C99A45": {
			"explicitFileType": "sourcecode.c.h",
			"fileEncoding": "4",
			"isa": "PBXFileReference",
			"name": "matrix4x4.h",
			"path": "../../../addons/ofxAssimpModelLoader/libs/assimp/include/assimp/matrix4x4.h",
			"sourceTree": "SOURCE_ROOT"
		},
		"ABB5007A-1E43-4E22-9C71-7871C29FB075": {
			"explicitFileType": "sourcecode.c.h",
			"fileEncoding": "4",
			"isa": "PBXFileReference",
			"name": "quaternion.h",
			"path": "../../../addons/ofxAssimpModelLoader/libs/assimp/include/assimp/quaternion.h",
			"sourceTree": "SOURCE_ROOT"
		},
		"AD0FDC7E-AC0E-4F52-A009-1EBC0298D168": {
			"explicitFileType": "sourcecode.c.h",
			"fileEncoding": "4",
			"isa": "PBXFileReference",
			"name": "StreamReader.h",
			"path": "../../../addons/ofxAssimpModelLoader/libs/assimp/include/assimp/StreamReader.h",
			"sourceTree": "SOURCE_ROOT"
		},
		"B1F10E92-7E9C-46CC-906F-ABB52F172087": {
			"explicitFileType": "sourcecode.c.h",
			"fileEncoding": "4",
			"isa": "PBXFileReference",
			"name": "Base64.hpp",
			"path": "../../../addons/ofxAssimpModelLoader/libs/assimp/include/assimp/Base64.hpp",
			"sourceTree": "SOURCE_ROOT"
		},
		"B3633145-FC79-4780-9CD2-F9B6D7929798": {
			"explicitFileType": "sourcecode.c.h",
			"fileEncoding": "4",
			"isa": "PBXFileReference",
			"name": "aabb.h",
			"path": "../../../addons/ofxAssimpModelLoader/libs/assimp/include/assimp/aabb.h",
			"sourceTree": "SOURCE_ROOT"
		},
		"B3F61CAE-C243-4FA9-BFC8-416FEBD109A1": {
			"explicitFileType": "sourcecode.c.h",
			"fileEncoding": "4",
			"isa": "PBXFileReference",
			"name": "ObjMaterial.h",
			"path": "../../../addons/ofxAssimpModelLoader/libs/assimp/include/assimp/ObjMaterial.h",
			"sourceTree": "SOURCE_ROOT"
		},
		"B4EF2DD0-1E06-4F46-AB60-1AE81316AA9F": {
			"explicitFileType": "sourcecode.c.h",
			"fileEncoding": "4",
			"isa": "PBXFileReference",
			"name": "cfileio.h",
			"path": "../../../addons/ofxAssimpModelLoader/libs/assimp/include/assimp/cfileio.h",
			"sourceTree": "SOURCE_ROOT"
		},
		"B541AE32-33CC-489F-91C2-C4CA50B39638": {
			"explicitFileType": "sourcecode.c.h",
			"fileEncoding": "4",
			"isa": "PBXFileReference",
			"name": "IOStream.hpp",
			"path": "../../../addons/ofxAssimpModelLoader/libs/assimp/include/assimp/IOStream.hpp",
			"sourceTree": "SOURCE_ROOT"
		},
		"B962A3DF-51B8-48B0-8768-26E3A5363F07": {
			"explicitFileType": "sourcecode.c.h",
			"fileEncoding": "4",
			"isa": "PBXFileReference",
			"name": "anim.h",
			"path": "../../../addons/ofxAssimpModelLoader/libs/assimp/include/assimp/anim.h",
			"sourceTree": "SOURCE_ROOT"
		},
		"B9D21F1D-D1C8-439F-90A6-4090E87F06B5": {
			"fileRef": "32001BD1-9C76-4353-BAEA-4C5AFCC9B6BC",
			"isa": "PBXBuildFile"
		},
		"BB4B014C10F69532006C3DED": {
			"children": [
				"70A128E7-27D1-406D-86A6-3B3280A297B0",
				"25A92084-F606-4BF6-A553-B047EBF60DE7"
			],
			"isa": "PBXGroup",
			"name": "addons",
			"path": "../../../addons",
			"sourceTree": "<group>"
		},
		"BD16049F-6537-49FE-BAFD-8DE7A333BB92": {
			"explicitFileType": "sourcecode.c.h",
			"fileEncoding": "4",
			"isa": "PBXFileReference",
			"name": "ofxAssimpAnimation.h",
			"path": "../../../addons/ofxAssimpModelLoader/src/ofxAssimpAnimation.h",
			"sourceTree": "SOURCE_ROOT"
		},
		"BD9C055A-2F8F-4F9B-97DB-097E3DFC59F2": {
			"explicitFileType": "sourcecode.c.h",
			"fileEncoding": "4",
			"isa": "PBXFileReference",
			"name": "NullLogger.hpp",
			"path": "../../../addons/ofxAssimpModelLoader/libs/assimp/include/assimp/NullLogger.hpp",
			"sourceTree": "SOURCE_ROOT"
		},
		"BFF29804-9F64-4199-BEED-D09C46C37E97": {
			"explicitFileType": "sourcecode.c.h",
			"fileEncoding": "4",
			"isa": "PBXFileReference",
			"name": "Hash.h",
			"path": "../../../addons/ofxAssimpModelLoader/libs/assimp/include/assimp/Hash.h",
			"sourceTree": "SOURCE_ROOT"
		},
		"C0E2B81F-66FF-4468-8589-CB4D8F12851E": {
			"explicitFileType": "sourcecode.c.h",
			"fileEncoding": "4",
			"isa": "PBXFileReference",
			"name": "fast_atof.h",
			"path": "../../../addons/ofxAssimpModelLoader/libs/assimp/include/assimp/fast_atof.h",
			"sourceTree": "SOURCE_ROOT"
		},
		"C3125A44-CFB0-488C-A337-AE7DF3C6C602": {
			"explicitFileType": "sourcecode.c.h",
			"fileEncoding": "4",
			"isa": "PBXFileReference",
			"name": "vector3.h",
			"path": "../../../addons/ofxAssimpModelLoader/libs/assimp/include/assimp/vector3.h",
			"sourceTree": "SOURCE_ROOT"
		},
		"C669FB97-01D7-4498-BF6E-480BC3D937B9": {
			"fileRef": "EF8FFA54-5E59-4C41-9C03-317631D16F57",
			"isa": "PBXBuildFile"
		},
		"C6D2316E-00E2-4ACF-B8BE-864FFE7948E8": {
			"explicitFileType": "sourcecode.c.h",
			"fileEncoding": "4",
			"isa": "PBXFileReference",
			"name": "color4.h",
			"path": "../../../addons/ofxAssimpModelLoader/libs/assimp/include/assimp/color4.h",
			"sourceTree": "SOURCE_ROOT"
		},
		"C78AE0C3-3AE5-4BFB-8435-7ACAF0E6590D": {
			"fileRef": "081A3136-512F-4602-9B18-F2FD018A4A23",
			"isa": "PBXBuildFile"
		},
		"C879E88B-AA69-4BFE-A176-F07003979DDF": {
			"explicitFileType": "sourcecode.c.h",
			"fileEncoding": "4",
			"isa": "PBXFileReference",
			"name": "vector2.h",
			"path": "../../../addons/ofxAssimpModelLoader/libs/assimp/include/assimp/vector2.h",
			"sourceTree": "SOURCE_ROOT"
		},
		"CA2FF435-312D-4285-B722-4C21040E1264": {
			"explicitFileType": "sourcecode.c.h",
			"fileEncoding": "4",
			"isa": "PBXFileReference",
			"name": "material.h",
			"path": "../../../addons/ofxAssimpModelLoader/libs/assimp/include/assimp/material.h",
			"sourceTree": "SOURCE_ROOT"
		},
		"CBDC12D8-33D2-45BF-B488-D978A47DB800": {
			"explicitFileType": "sourcecode.c.h",
			"fileEncoding": "4",
			"isa": "PBXFileReference",
			"name": "SceneCombiner.h",
			"path": "../../../addons/ofxAssimpModelLoader/libs/assimp/include/assimp/SceneCombiner.h",
			"sourceTree": "SOURCE_ROOT"
		},
		"CC3E4B04-B96E-4A45-9EC5-39E6E2096DE0": {
			"explicitFileType": "sourcecode.c.h",
			"fileEncoding": "4",
			"isa": "PBXFileReference",
			"name": "ofxInputField.h",
			"path": "../../../addons/ofxGui/src/ofxInputField.h",
			"sourceTree": "SOURCE_ROOT"
		},
		"CC792347-80A3-4A53-9CE9-06333C3DA12C": {
			"explicitFileType": "sourcecode.c.h",
			"fileEncoding": "4",
			"isa": "PBXFileReference",
			"name": "light.h",
			"path": "../../../addons/ofxAssimpModelLoader/libs/assimp/include/assimp/light.h",
			"sourceTree": "SOURCE_ROOT"
		},
		"CC940D64-3B9D-444A-9E15-6784A676B9B7": {
			"explicitFileType": "sourcecode.c.h",
			"fileEncoding": "4",
			"isa": "PBXFileReference",
			"name": "Profiler.h",
			"path": "../../../addons/ofxAssimpModelLoader/libs/assimp/include/assimp/Profiler.h",
			"sourceTree": "SOURCE_ROOT"
		},
		"D003F924-E3C9-44FC-BCE8-AD1E3B155F39": {
			"explicitFileType": "sourcecode.c.h",
			"fileEncoding": "4",
			"isa": "PBXFileReference",
			"name": "commonMetaData.h",
			"path": "../../../addons/ofxAssimpModelLoader/libs/assimp/include/assimp/commonMetaData.h",
			"sourceTree": "SOURCE_ROOT"
		},
		"D603AFC8-297E-4545-891D-975D7A2FD524": {
			"explicitFileType": "sourcecode.c.h",
			"fileEncoding": "4",
			"isa": "PBXFileReference",
			"name": "AndroidJNIIOSystem.h",
			"path": "../../../addons/ofxAssimpModelLoader/libs/assimp/include/assimp/port/AndroidJNI/AndroidJNIIOSystem.h",
			"sourceTree": "SOURCE_ROOT"
		},
		"D85CF20A-8397-47CC-ADA4-0F87EA8297ED": {
			"children": [
				"04F11EE4-F027-4855-BDDE-A1EFE0B68DC4",
				"BD16049F-6537-49FE-BAFD-8DE7A333BB92",
				"9A77125A-55F5-42B0-A15E-08C86F676390",
				"786B5FF7-DCCC-4393-BAF1-48EE907B7592",
				"081A3136-512F-4602-9B18-F2FD018A4A23",
				"26015F78-BEB5-4DCC-8D45-550E3A5BE89F",
				"EF8FFA54-5E59-4C41-9C03-317631D16F57",
				"E8CB4ECC-E4C7-4C20-A02A-5F9E9BC7EAB9",
				"6E455530-8527-4AFD-9ED7-8A0F22FF1EA5"
			],
			"isa": "PBXGroup",
			"name": "src",
			"path": "../../../addons/ofxAssimpModelLoader/src",
			"sourceTree": "SOURCE_ROOT"
		},
		"D87EB232-2FE2-40B4-A7E2-288036A4249A": {
			"explicitFileType": "sourcecode.c.h",
			"fileEncoding": "4",
			"isa": "PBXFileReference",
			"name": "BaseImporter.h",
			"path": "../../../addons/ofxAssimpModelLoader/libs/assimp/include/assimp/BaseImporter.h",
			"sourceTree": "SOURCE_ROOT"
		},
		"DA94F3C8-ECA3-4FA1-AE0B-56FCE07F286E": {
			"explicitFileType": "sourcecode.c.h",
			"fileEncoding": "4",
			"isa": "PBXFileReference",
			"name": "SmallVector.h",
			"path": "../../../addons/ofxAssimpModelLoader/libs/assimp/include/assimp/SmallVector.h",
			"sourceTree": "SOURCE_ROOT"
		},
		"DB31A88E-90F9-4BB2-B57E-820E450380F6": {
			"fileRef": "515A9510-1EEB-44C4-B081-AE93DC21C3A0",
			"isa": "PBXBuildFile"
		},
		"DB575860-B290-4D2A-9E47-58B44E9A923A": {
			"explicitFileType": "sourcecode.c.h",
			"fileEncoding": "4",
			"isa": "PBXFileReference",
			"name": "ofxGuiUtils.h",
			"path": "../../../addons/ofxGui/src/ofxGuiUtils.h",
			"sourceTree": "SOURCE_ROOT"
		},
		"DC3C9ACC-C80C-46CB-B404-00785B50669C": {
			"explicitFileType": "sourcecode.c.h",
			"fileEncoding": "4",
			"isa": "PBXFileReference",
			"name": "SGSpatialSort.h",
			"path": "../../../addons/ofxAssimpModelLoader/libs/assimp/include/assimp/SGSpatialSort.h",
			"sourceTree": "SOURCE_ROOT"
		},
		"DDB03C69-0C29-45D2-BEB1-E149FF605D89": {
			"explicitFileType": "sourcecode.c.h",
			"fileEncoding": "4",
			"isa": "PBXFileReference",
			"name": "qnan.h",
			"path": "../../../addons/ofxAssimpModelLoader/libs/assimp/include/assimp/qnan.h",
			"sourceTree": "SOURCE_ROOT"
		},
		"DEC37DB6-203B-4E54-8501-8B99FAE7CC8E": {
			"fileRef": "FA2A94B6-9A98-49A7-82F6-E8CBBCE25B75",
			"isa": "PBXBuildFile"
		},
		"DFDDA0FE-55FE-41A1-9317-6F5E4DA8059D": {
			"fileRef": "53D7AC19-8C52-46BE-9BA1-A1C7A80057CE",
			"isa": "PBXBuildFile"
		},
		"E26F24F6-8E75-4878-8F2A-15102DCEF6CA": {
			"explicitFileType": "sourcecode.c.h",
			"fileEncoding": "4",
			"isa": "PBXFileReference",
			"name": "IOSystem.hpp",
			"path": "../../../addons/ofxAssimpModelLoader/libs/assimp/include/assimp/IOSystem.hpp",
			"sourceTree": "SOURCE_ROOT"
		},
		"E27DFAAF-A902-464A-8FF6-E983C4DCA84A": {
			"explicitFileType": "sourcecode.cpp.cpp",
			"fileEncoding": "4",
			"isa": "PBXFileReference",
			"name": "box.cc",
			"path": "src/box.cc",
			"sourceTree": "SOURCE_ROOT"
		},
		"E42962A92163ECCD00A6A9E2": {
			"alwaysOutOfDate": "1",
			"buildActionMask": "2147483647",
			"files": [],
			"inputPaths": [],
			"isa": "PBXShellScriptBuildPhase",
			"name": "Run Script — Compile OF",
			"outputPaths": [],
			"runOnlyForDeploymentPostprocessing": "0",
			"shellPath": "/bin/sh",
			"shellScript": "echo \"💾 Compiling Openframeworks\"\nxcodebuild -project \"$OF_PATH/libs/openFrameworksCompiled/project/osx/openFrameworksLib.xcodeproj\" -target openFrameworks -configuration \"${CONFIGURATION}\"  CLANG_CXX_LANGUAGE_STANDARD=$CLANG_CXX_LANGUAGE_STANDARD MACOSX_DEPLOYMENT_TARGET=$MACOSX_DEPLOYMENT_TARGET GCC_PREPROCESSOR_DEFINITIONS=$USER_PREPROCESSOR_DEFINITIONS\n",
			"showEnvVarsInLog": "0"
		},
		"E4A5B60F29BAAAE400C2D356": {
			"buildActionMask": "2147483647",
			"dstPath": "",
			"dstSubfolderSpec": "6",
			"files": [],
			"isa": "PBXCopyFilesBuildPhase",
			"runOnlyForDeploymentPostprocessing": "0"
		},
		"E4B69B4A0A3A1720003C02F2": {
			"children": [
				"191CD6FA2847E21E0085CBB6",
				"E4B6FCAD0C3E899E008CF71C",
				"E4EB6923138AFD0F00A09F29",
				"E4B69E1C0A3A1BDC003C02F2",
				"191EF70929D778A400F35F26",
				"BB4B014C10F69532006C3DED",
				"E4B69B5B0A3A1756003C02F2"
			],
			"isa": "PBXGroup",
			"sourceTree": "<group>"
		},
		"E4B69B4C0A3A1720003C02F2": {
			"attributes": {
				"LastUpgradeCheck": "0600"
			},
			"buildConfigurationList": "E4B69B4D0A3A1720003C02F2",
			"compatibilityVersion": "Xcode 3.2",
			"developmentRegion": "en",
			"hasScannedForEncodings": "0",
			"isa": "PBXProject",
			"knownRegions": [
				"en",
				"Base"
			],
			"mainGroup": "E4B69B4A0A3A1720003C02F2",
			"productRefGroup": "E4B69B4A0A3A1720003C02F2",
			"projectDirPath": "",
			"projectRoot": "",
			"targets": [
				"E4B69B5A0A3A1756003C02F2"
			]
		},
		"E4B69B4D0A3A1720003C02F2": {
			"buildConfigurations": [
				"E4B69B4E0A3A1720003C02F2",
				"E4B69B4F0A3A1720003C02F2"
			],
			"defaultConfigurationIsVisible": "0",
			"defaultConfigurationName": "Release",
			"isa": "XCConfigurationList"
		},
		"E4B69B4E0A3A1720003C02F2": {
			"baseConfigurationReference": "E4EB6923138AFD0F00A09F29",
			"buildSettings": {
				"CODE_SIGN_ENTITLEMENTS": "of.entitlements",
				"COPY_PHASE_STRIP": "NO",
				"ENABLE_TESTABILITY": "YES",
				"GCC_OPTIMIZATION_LEVEL": "0",
				"GCC_WARN_UNUSED_VARIABLE": "NO",
				"HEADER_SEARCH_PATHS": [
					"$(OF_CORE_HEADERS)",
					"src"
				],
				"OTHER_CPLUSPLUSFLAGS": "-D__MACOSX_CORE__"
			},
			"isa": "XCBuildConfiguration",
			"name": "Debug"
		},
		"E4B69B4F0A3A1720003C02F2": {
			"baseConfigurationReference": "E4EB6923138AFD0F00A09F29",
			"buildSettings": {
				"CODE_SIGN_ENTITLEMENTS": "of.entitlements",
				"COPY_PHASE_STRIP": "YES",
				"GCC_OPTIMIZATION_LEVEL": "3",
				"GCC_UNROLL_LOOPS": "YES",
				"HEADER_SEARCH_PATHS": [
					"$(OF_CORE_HEADERS)",
					"src"
				],
				"OTHER_CPLUSPLUSFLAGS": "-D__MACOSX_CORE__"
			},
			"isa": "XCBuildConfiguration",
			"name": "Release"
		},
		"E4B69B580A3A1756003C02F2": {
			"buildActionMask": "2147483647",
			"files": [
				"E4B69E200A3A1BDC003C02F2",
				"E4B69E210A3A1BDC003C02F2",
				"DFDDA0FE-55FE-41A1-9317-6F5E4DA8059D",
				"A9A24C00-BAA6-4CAC-897F-F4D063ED6115",
				"75164710-E586-495D-A1A7-F3409F08E66B",
				"E5FE093A-3AC9-48DF-8350-67057248FB9A",
				"8F47D472-1000-44B9-A6A5-5CF765DEAF78",
				"C78AE0C3-3AE5-4BFB-8435-7ACAF0E6590D",
				"C669FB97-01D7-4498-BF6E-480BC3D937B9",
				"3423EB25-C4DB-450C-A1F2-0B1068126B13",
				"1A2B6576-A142-414B-9114-22A335E450E1",
				"DB31A88E-90F9-4BB2-B57E-820E450380F6",
				"DEC37DB6-203B-4E54-8501-8B99FAE7CC8E",
				"66C51E71-3F80-4A14-BA96-8092AB5ABBCA",
				"04F28F25-1D18-4CC8-9ECC-F4B2C876D698",
				"8B8DD354-285D-4CE3-99E5-3E76E7DE15EE",
				"1BA968EA-D609-4A39-8E34-CA52D07F84AE",
				"B9D21F1D-D1C8-439F-90A6-4090E87F06B5",
				"EE9E7756-5D8F-44D1-9994-C271B1AFEAF8"
			],
			"isa": "PBXSourcesBuildPhase",
			"runOnlyForDeploymentPostprocessing": "0"
		},
		"E4B69B590A3A1756003C02F2": {
			"buildActionMask": "2147483647",
			"files": [],
			"isa": "PBXFrameworksBuildPhase",
			"runOnlyForDeploymentPostprocessing": "0"
		},
		"E4B69B5A0A3A1756003C02F2": {
			"buildConfigurationList": "E4B69B5F0A3A1757003C02F2",
			"buildPhases": [
				"E42962A92163ECCD00A6A9E2",
				"E4B69B580A3A1756003C02F2",
				"E4B69B590A3A1756003C02F2",
				"E4C2427710CC5ABF004149E2",
				"E4A5B60F29BAAAE400C2D356",
				"19B789C429E5AB4A0082E9B8"
			],
			"buildRules": [],
			"dependencies": [],
			"isa": "PBXNativeTarget",
			"name": "CS134_Final_Project",
			"productName": "myOFApp",
			"productReference": "E4B69B5B0A3A1756003C02F2",
			"productType": "com.apple.product-type.application"
		},
		"E4B69B5B0A3A1756003C02F2": {
			"explicitFileType": "wrapper.application",
			"includeInIndex": "0",
			"isa": "PBXFileReference",
			"path": "CS134_Final_ProjectDebug.app",
			"sourceTree": "BUILT_PRODUCTS_DIR"
		},
		"E4B69B5F0A3A1757003C02F2": {
			"buildConfigurations": [
				"E4B69B600A3A1757003C02F2",
				"E4B69B610A3A1757003C02F2"
			],
			"defaultConfigurationIsVisible": "0",
			"defaultConfigurationName": "Release",
			"isa": "XCConfigurationList"
		},
		"E4B69B600A3A1757003C02F2": {
			"baseConfigurationReference": "E4EB6923138AFD0F00A09F29",
			"buildSettings": {
				"ARCHS": "$(ARCHS_STANDARD)",
				"COPY_PHASE_STRIP": "NO",
				"FRAMEWORK_SEARCH_PATHS": "$(inherited)",
				"GCC_DYNAMIC_NO_PIC": "NO",
				"HEADER_SEARCH_PATHS": [
					"$(OF_CORE_HEADERS)",
					"src",
					"src",
					"../../../addons/ofxAssimpModelLoader/libs",
					"../../../addons/ofxAssimpModelLoader/libs/assimp",
					"../../../addons/ofxAssimpModelLoader/libs/assimp/include",
					"../../../addons/ofxAssimpModelLoader/libs/assimp/include/assimp",
					"../../../addons/ofxAssimpModelLoader/libs/assimp/include/assimp/Compiler",
					"../../../addons/ofxAssimpModelLoader/libs/assimp/include/assimp/port",
					"../../../addons/ofxAssimpModelLoader/libs/assimp/include/assimp/port/AndroidJNI",
					"../../../addons/ofxAssimpModelLoader/libs/assimp/lib",
					"../../../addons/ofxAssimpModelLoader/libs/assimp/lib/emscripten",
					"../../../addons/ofxAssimpModelLoader/libs/assimp/lib/osx",
					"../../../addons/ofxAssimpModelLoader/libs/assimp/license",
					"../../../addons/ofxAssimpModelLoader/src",
					"../../../addons/ofxGui/src"
				],
				"LIBRARY_SEARCH_PATHS": "$(inherited)",
				"OTHER_LDFLAGS": [
					"$(OF_CORE_LIBS)",
					"$(OF_CORE_FRAMEWORKS)",
					"$(LIB_OF_DEBUG)",
					"../../../addons/ofxAssimpModelLoader/libs/assimp/lib/osx/assimp.a"
				]
			},
			"isa": "XCBuildConfiguration",
			"name": "Debug"
		},
		"E4B69B610A3A1757003C02F2": {
			"baseConfigurationReference": "E4EB6923138AFD0F00A09F29",
			"buildSettings": {
				"ARCHS": "$(ARCHS_STANDARD)",
				"COPY_PHASE_STRIP": "YES",
				"FRAMEWORK_SEARCH_PATHS": "$(inherited)",
				"HEADER_SEARCH_PATHS": [
					"$(OF_CORE_HEADERS)",
					"src",
					"src",
					"../../../addons/ofxAssimpModelLoader/libs",
					"../../../addons/ofxAssimpModelLoader/libs/assimp",
					"../../../addons/ofxAssimpModelLoader/libs/assimp/include",
					"../../../addons/ofxAssimpModelLoader/libs/assimp/include/assimp",
					"../../../addons/ofxAssimpModelLoader/libs/assimp/include/assimp/Compiler",
					"../../../addons/ofxAssimpModelLoader/libs/assimp/include/assimp/port",
					"../../../addons/ofxAssimpModelLoader/libs/assimp/include/assimp/port/AndroidJNI",
					"../../../addons/ofxAssimpModelLoader/libs/assimp/lib",
					"../../../addons/ofxAssimpModelLoader/libs/assimp/lib/emscripten",
					"../../../addons/ofxAssimpModelLoader/libs/assimp/lib/osx",
					"../../../addons/ofxAssimpModelLoader/libs/assimp/license",
					"../../../addons/ofxAssimpModelLoader/src",
					"../../../addons/ofxGui/src"
				],
				"LIBRARY_SEARCH_PATHS": "$(inherited)",
				"OTHER_LDFLAGS": [
					"$(OF_CORE_LIBS)",
					"$(OF_CORE_FRAMEWORKS)",
					"$(LIB_OF)",
					"../../../addons/ofxAssimpModelLoader/libs/assimp/lib/osx/assimp.a"
				],
				"baseConfigurationReference": "E4EB6923138AFD0F00A09F29"
			},
			"isa": "XCBuildConfiguration",
			"name": "Release"
		},
		"E4B69E1C0A3A1BDC003C02F2": {
			"children": [
				"E4B69E1D0A3A1BDC003C02F2",
				"E4B69E1E0A3A1BDC003C02F2",
				"E4B69E1F0A3A1BDC003C02F2",
				"53D7AC19-8C52-46BE-9BA1-A1C7A80057CE",
				"54AEA156-4719-4C32-819A-746D153C0804",
				"136C069C-B069-42D6-9877-2C61D0B09D83",
				"8B6CBE66-0ED3-40AA-81E0-D72B93BCA207",
				"EA258364-A53A-418F-805C-7EB63F689FF2",
				"E27DFAAF-A902-464A-8FF6-E983C4DCA84A",
				"1DFCF203-B74F-44EF-B14E-6FC2B6285DD9",
				"11192B78-E741-42CA-BD7F-D738A64E90FD",
				"1D1B6CF8-868D-413C-A145-14BDE425C2A6"
			],
			"isa": "PBXGroup",
			"path": "src",
			"sourceTree": "SOURCE_ROOT"
		},
		"E4B69E1D0A3A1BDC003C02F2": {
			"fileEncoding": "4",
			"isa": "PBXFileReference",
			"lastKnownFileType": "sourcecode.cpp.cpp",
			"name": "main.cpp",
			"path": "src/main.cpp",
			"sourceTree": "SOURCE_ROOT"
		},
		"E4B69E1E0A3A1BDC003C02F2": {
			"explicitFileType": "sourcecode.cpp.cpp",
			"fileEncoding": "4",
			"isa": "PBXFileReference",
			"name": "ofApp.cpp",
			"path": "src/ofApp.cpp",
			"sourceTree": "SOURCE_ROOT"
		},
		"E4B69E1F0A3A1BDC003C02F2": {
			"fileEncoding": "4",
			"isa": "PBXFileReference",
			"lastKnownFileType": "sourcecode.c.h",
			"name": "ofApp.h",
			"path": "src/ofApp.h",
			"sourceTree": "SOURCE_ROOT"
		},
		"E4B69E200A3A1BDC003C02F2": {
			"fileRef": "E4B69E1D0A3A1BDC003C02F2",
			"isa": "PBXBuildFile"
		},
		"E4B69E210A3A1BDC003C02F2": {
			"fileRef": "E4B69E1E0A3A1BDC003C02F2",
			"isa": "PBXBuildFile"
		},
		"E4B6FCAD0C3E899E008CF71C": {
			"fileEncoding": "4",
			"isa": "PBXFileReference",
			"lastKnownFileType": "text.plist.xml",
			"path": "openFrameworks-Info.plist",
			"sourceTree": "<group>"
		},
		"E4C2427710CC5ABF004149E2": {
			"buildActionMask": "2147483647",
			"dstPath": "",
			"dstSubfolderSpec": "10",
			"files": [],
			"isa": "PBXCopyFilesBuildPhase",
			"runOnlyForDeploymentPostprocessing": "0"
		},
		"E4EB6923138AFD0F00A09F29": {
			"fileEncoding": "4",
			"isa": "PBXFileReference",
			"lastKnownFileType": "text.xcconfig",
			"path": "Project.xcconfig",
			"sourceTree": "<group>"
		},
		"E5098860-F8F4-4F50-9369-A2649E5B8C45": {
			"explicitFileType": "sourcecode.c.h",
			"fileEncoding": "4",
			"isa": "PBXFileReference",
			"name": "cexport.h",
			"path": "../../../addons/ofxAssimpModelLoader/libs/assimp/include/assimp/cexport.h",
			"sourceTree": "SOURCE_ROOT"
		},
		"E5F69494-6876-4531-B166-BC0C32261765": {
			"explicitFileType": "sourcecode.c.h",
			"fileEncoding": "4",
			"isa": "PBXFileReference",
			"name": "ofxBaseGui.h",
			"path": "../../../addons/ofxGui/src/ofxBaseGui.h",
			"sourceTree": "SOURCE_ROOT"
		},
		"E5FE093A-3AC9-48DF-8350-67057248FB9A": {
			"fileRef": "04F11EE4-F027-4855-BDDE-A1EFE0B68DC4",
			"isa": "PBXBuildFile"
		},
		"E6D36265-AB3B-4A5A-8A81-B1B5E19040C2": {
			"explicitFileType": "sourcecode.c.h",
			"fileEncoding": "4",
			"isa": "PBXFileReference",
			"name": "ofxGui.h",
			"path": "../../../addons/ofxGui/src/ofxGui.h",
			"sourceTree": "SOURCE_ROOT"
		},
		"E8CB4ECC-E4C7-4C20-A02A-5F9E9BC7EAB9": {
			"explicitFileType": "sourcecode.c.h",
			"fileEncoding": "4",
			"isa": "PBXFileReference",
			"name": "ofxAssimpTexture.h",
			"path": "../../../addons/ofxAssimpModelLoader/src/ofxAssimpTexture.h",
			"sourceTree": "SOURCE_ROOT"
		},
		"E9F35E67-0413-4884-BFAE-ADA32A4BD935": {
			"explicitFileType": "sourcecode.c.h",
			"fileEncoding": "4",
			"isa": "PBXFileReference",
			"name": "Exporter.hpp",
			"path": "../../../addons/ofxAssimpModelLoader/libs/assimp/include/assimp/Exporter.hpp",
			"sourceTree": "SOURCE_ROOT"
		},
		"EA258364-A53A-418F-805C-7EB63F689FF2": {
			"explicitFileType": "sourcecode.c.h",
			"fileEncoding": "4",
			"isa": "PBXFileReference",
			"name": "Util.h",
			"path": "src/Util.h",
			"sourceTree": "SOURCE_ROOT"
		},
		"ECB725D0-7A2D-4252-8DC3-B6C30989779C": {
			"explicitFileType": "sourcecode.c.h",
			"fileEncoding": "4",
			"isa": "PBXFileReference",
			"name": "StringComparison.h",
			"path": "../../../addons/ofxAssimpModelLoader/libs/assimp/include/assimp/StringComparison.h",
			"sourceTree": "SOURCE_ROOT"
		},
		"EE9E7756-5D8F-44D1-9994-C271B1AFEAF8": {
			"fileRef": "9A4AE4DE-C4A9-429F-A294-3CDD84663B71",
			"isa": "PBXBuildFile"
		},
		"EF8FFA54-5E59-4C41-9C03-317631D16F57": {
			"explicitFileType": "sourcecode.cpp.cpp",
			"fileEncoding": "4",
			"isa": "PBXFileReference",
			"name": "ofxAssimpTexture.cpp",
			"path": "../../../addons/ofxAssimpModelLoader/src/ofxAssimpTexture.cpp",
			"sourceTree": "SOURCE_ROOT"
		},
		"F18435D8-DB12-4648-9630-529E37B1DDE5": {
			"explicitFileType": "sourcecode.c.h",
			"fileEncoding": "4",
			"isa": "PBXFileReference",
			"name": "ofxPanel.h",
			"path": "../../../addons/ofxGui/src/ofxPanel.h",
			"sourceTree": "SOURCE_ROOT"
		},
		"F54A3BD4-3CCF-41F4-9F49-D8C71942B273": {
			"children": [
				"B1F10E92-7E9C-46CC-906F-ABB52F172087",
				"D87EB232-2FE2-40B4-A7E2-288036A4249A",
				"74403972-36D9-4304-8096-8D1098E6FEF0",
				"0432B30E-EEB5-44E6-BA5B-3041F1E3226B",
				"53C92FD8-75FB-4F9B-80DE-0E65C970699C",
				"8FB94AD4-4033-40B8-B3D4-671AE867514C",
				"697F2015-5CB8-4E8D-B25B-6B72C60B4A77",
				"80659BD4-C03C-44DA-9F59-3034AA1D4706",
				"3C84F367-E6C4-4F4C-B92C-98F784CA44BB",
				"7731D9CE-F659-40E3-9583-964AE5EC6986",
				"6754ECE1-9D1F-4488-ADAE-6327AA4CAB07",
				"A9D2E022-798B-4CD8-8A19-443531B55CBD",
				"E9F35E67-0413-4884-BFAE-ADA32A4BD935",
				"83ADD69C-94F4-4AAA-8007-E5C3571B2CA1",
				"FD5389FC-3531-4071-A939-67EE89721B5C",
				"BFF29804-9F64-4199-BEED-D09C46C37E97",
				"B541AE32-33CC-489F-91C2-C4CA50B39638",
				"631AF231-9FD4-47E1-8FC3-5A16CACC718C",
				"E26F24F6-8E75-4878-8F2A-15102DCEF6CA",
				"10FDCF97-6EC7-4246-928B-E58C0E6B724C",
				"21F7494C-D702-4B0B-9E9F-292134C8C187",
				"6C4923C9-683B-42F0-B70C-AA7F400E2AA3",
				"70A9F608-79D9-4BEF-ADBA-E3947044F38B",
				"A874F062-F93D-4EBA-8DD8-B06CA7A07E32",
				"3300A4F2-1042-4D8E-BE56-10D173A37E30",
				"4275BD98-3020-40AF-AA08-DF874D21D1E5",
				"BD9C055A-2F8F-4F9B-97DB-097E3DFC59F2",
				"B3F61CAE-C243-4FA9-BFC8-416FEBD109A1",
				"76EDF101-1961-4D26-B402-F06E4F15D07E",
				"CC940D64-3B9D-444A-9E15-6784A676B9B7",
				"66DF8EB1-7453-49C6-9FF6-EB1A8FE19417",
				"4DE78EA7-69CA-4637-8E75-298DBA71E82F",
				"DC3C9ACC-C80C-46CB-B404-00785B50669C",
				"CBDC12D8-33D2-45BF-B488-D978A47DB800",
				"0CF1BDFE-7B7B-4D66-8EDC-1D1F27946CFF",
				"DA94F3C8-ECA3-4FA1-AE0B-56FCE07F286E",
				"1B1681E7-0C1D-445E-BBBE-A42B01468418",
				"18E2CEE8-5511-4A14-902E-712D25476FD3",
				"9D29D5FF-31D5-46BF-A28E-62768E432042",
				"AD0FDC7E-AC0E-4F52-A009-1EBC0298D168",
				"07F63C0E-D951-48A7-908E-14CE482FA224",
				"ECB725D0-7A2D-4252-8DC3-B6C30989779C",
				"56539E06-5A89-4E50-A385-23907C584524",
				"76B2985C-351F-4ABA-B50C-A9A92779716C",
				"4379CAF6-E197-4AAF-A15A-74EE9282A15E",
				"30A83231-144F-4EFC-A391-19BA2D4082B0",
				"0AAA4FC9-9468-486D-949D-F73F52FB19F8",
				"55D995D6-E755-4EED-9CC2-BDCD0896653D",
				"A8FBA0DB-0D4E-4D4C-B735-BD310E0D677C",
				"B3633145-FC79-4780-9CD2-F9B6D7929798",
				"FAD2D4F3-E878-43D6-82A0-5ACC0761684D",
				"B962A3DF-51B8-48B0-8768-26E3A5363F07",
				"444C6F2C-4FBE-4CCA-A586-D901B60FE282",
				"E5098860-F8F4-4F50-9369-A2649E5B8C45",
				"B4EF2DD0-1E06-4F46-AB60-1AE81316AA9F",
				"24F92E27-1A81-468C-B605-9C0E7D22E561",
				"C6D2316E-00E2-4ACF-B8BE-864FFE7948E8",
				"D003F924-E3C9-44FC-BCE8-AD1E3B155F39",
				"0C8F6A2E-C60E-4E69-A478-F0A956756239",
				"81A16133-072F-48CF-87BB-FB39C18997C8",
				"C0E2B81F-66FF-4468-8589-CB4D8F12851E",
				"6EEB5CCA-E1D4-42CB-BEC1-0FF9286E8E4E",
				"CC792347-80A3-4A53-9CE9-06333C3DA12C",
				"CA2FF435-312D-4285-B722-4C21040E1264",
				"8B8DCE0B-78D4-4BB4-B11F-0FE23C7F9856",
				"AB2995B7-B88D-46DE-959C-730143C99A45",
				"600213BC-005E-4CD7-9D29-076DDABBCE67",
				"7DF538C3-4C89-414B-9A50-A1408C21DB40",
				"65B57F50-7097-4183-B250-C1255E2272C2",
				"6E3BFD31-1249-44CD-B9AD-1F225B4A8ED8",
				"F7E7BEBF-F026-415E-9DEA-0F0E9F83A125",
				"DDB03C69-0C29-45D2-BEB1-E149FF605D89",
				"ABB5007A-1E43-4E22-9C71-7871C29FB075",
				"A1729F00-E23A-4424-9880-4F210FC9D1DC",
				"520DE8DD-2D78-4B2F-9C45-2E1A1C0B55C6",
				"1E7C477D-6717-4707-9864-D43DF243607E",
				"C879E88B-AA69-4BFE-A176-F07003979DDF",
				"C3125A44-CFB0-488C-A337-AE7DF3C6C602",
				"28879D8C-2559-49E2-803E-AF0103730C4B"
			],
			"isa": "PBXGroup",
			"name": "assimp",
			"path": "../../../addons/ofxAssimpModelLoader/libs/assimp/include/assimp",
			"sourceTree": "SOURCE_ROOT"
		},
		"F6215C9D-A5F5-45AF-A724-EE7F113DE8AF": {
			"explicitFileType": "sourcecode.cpp.cpp",
			"fileEncoding": "4",
			"isa": "PBXFileReference",
			"name": "ofxInputField.cpp",
			"path": "../../../addons/ofxGui/src/ofxInputField.cpp",
			"sourceTree": "SOURCE_ROOT"
		},
		"F7E7BEBF-F026-415E-9DEA-0F0E9F83A125": {
			"explicitFileType": "sourcecode.c.h",
			"fileEncoding": "4",
			"isa": "PBXFileReference",
			"name": "postprocess.h",
			"path": "../../../addons/ofxAssimpModelLoader/libs/assimp/include/assimp/postprocess.h",
			"sourceTree": "SOURCE_ROOT"
		},
		"FA2A94B6-9A98-49A7-82F6-E8CBBCE25B75": {
			"explicitFileType": "sourcecode.cpp.cpp",
			"fileEncoding": "4",
			"isa": "PBXFileReference",
			"name": "ofxGuiGroup.cpp",
			"path": "../../../addons/ofxGui/src/ofxGuiGroup.cpp",
			"sourceTree": "SOURCE_ROOT"
		},
		"FAD2D4F3-E878-43D6-82A0-5ACC0761684D": {
			"explicitFileType": "sourcecode.c.h",
			"fileEncoding": "4",
			"isa": "PBXFileReference",
			"name": "ai_assert.h",
			"path": "../../../addons/ofxAssimpModelLoader/libs/assimp/include/assimp/ai_assert.h",
			"sourceTree": "SOURCE_ROOT"
		},
		"FD5389FC-3531-4071-A939-67EE89721B5C": {
			"explicitFileType": "sourcecode.c.h",
			"fileEncoding": "4",
			"isa": "PBXFileReference",
			"name": "GltfMaterial.h",
			"path": "../../../addons/ofxAssimpModelLoader/libs/assimp/include/assimp/GltfMaterial.h",
			"sourceTree": "SOURCE_ROOT"
		},
		"FFD939BF-2F5F-4B7B-BD69-F027A6570825": {
			"explicitFileType": "sourcecode.cpp.cpp",
			"fileEncoding": "4",
			"isa": "PBXFileReference",
			"name": "ofxButton.cpp",
			"path": "../../../addons/ofxGui/src/ofxButton.cpp",
			"sourceTree": "SOURCE_ROOT"
		}
	},
	"openFrameworksProjectGeneratorVersion": "21",
	"rootObject": "E4B69B4C0A3A1720003C02F2"
}